
Microsoft Visual Studio Solution File, Format Version 12.00
# Visual Studio Version 17
VisualStudioVersion = 17.7.34221.43
MinimumVisualStudioVersion = 10.0.40219.1
Project("{FAE04EC0-301F-11D3-BF4B-00C04F79EFBC}") = "ProjetoEncapisulamentol", "ProjetoEncapisulamentol\ProjetoEncapisulamentol.csproj", "{B44247FD-34D6-4F2F-BD99-616BCD03C268}"
EndProject
Global
	GlobalSection(SolutionConfigurationPlatforms) = preSolution
		Debug|Any CPU = Debug|Any CPU
		Release|Any CPU = Release|Any CPU
	EndGlobalSection
	GlobalSection(ProjectConfigurationPlatforms) = postSolution
		{B44247FD-34D6-4F2F-BD99-616BCD03C268}.Debug|Any CPU.ActiveCfg = Debug|Any CPU
		{B44247FD-34D6-4F2F-BD99-616BCD03C268}.Debug|Any CPU.Build.0 = Debug|Any CPU
		{B44247FD-34D6-4F2F-BD99-616BCD03C268}.Release|Any CPU.ActiveCfg = Release|Any CPU
		{B44247FD-34D6-4F2F-BD99-616BCD03C268}.Release|Any CPU.Build.0 = Release|Any CPU
	EndGlobalSection
	GlobalSection(SolutionProperties) = preSolution
		HideSolutionNode = FALSE
	EndGlobalSection
	GlobalSection(ExtensibilityGlobals) = postSolution
		SolutionGuid = {2B3043FE-FC62-40EB-B38A-04EA887F27E7}
	EndGlobalSection
EndGlobal
